
Microsoft Visual Studio Solution File, Format Version 12.00
# Visual Studio Version 16
VisualStudioVersion = 16.0.29411.108
MinimumVisualStudioVersion = 10.0.40219.1
Project("{2150E333-8FDC-42A3-9474-1A3956D46DE8}") = "2. Services", "2. Services", "{33CE9C84-4ED7-435B-A635-5D1A65FF31FF}"
EndProject
Project("{2150E333-8FDC-42A3-9474-1A3956D46DE8}") = "3. Infraestructure", "3. Infraestructure", "{D2B3FF35-2F43-44C8-BF18-AFD92840A411}"
EndProject
Project("{2150E333-8FDC-42A3-9474-1A3956D46DE8}") = "1. UI", "1. UI", "{FA48E20D-534E-4914-9F97-60600A8520E8}"
EndProject
Project("{2150E333-8FDC-42A3-9474-1A3956D46DE8}") = "3.2 Repository", "3.2 Repository", "{D23A8394-4C37-4E0E-80B0-AC5791A95FAD}"
EndProject
Project("{2150E333-8FDC-42A3-9474-1A3956D46DE8}") = "3.1 Data", "3.1 Data", "{A7421B32-2493-41EA-9A14-D7CA45EB0545}"
EndProject
Project("{2150E333-8FDC-42A3-9474-1A3956D46DE8}") = "3.4 Utils", "3.4 Utils", "{27A24648-6A43-4F3E-8F5B-3E07A908F3DB}"
EndProject
Project("{2150E333-8FDC-42A3-9474-1A3956D46DE8}") = "3.3 CrossCutting", "3.3 CrossCutting", "{18460765-B45E-4928-9A68-8489803A833A}"
EndProject
Project("{9A19103F-16F7-4668-BE54-9A1E7A4F7556}") = "ProyectoFotoCore3", "ProyectoFotoCore3\ProyectoFotoCore3.csproj", "{FC62DE1B-B9E5-4B8B-8E32-0A03A003D0D6}"
EndProject
Project("{9A19103F-16F7-4668-BE54-9A1E7A4F7556}") = "ProyectoFotoCore3.Data.Context", "ProyectoFotoCore3.Repository.Model\ProyectoFotoCore3.Data.Context.csproj", "{C9F5B623-D61B-46AC-935F-1FFB81BC7859}"
EndProject
Project("{9A19103F-16F7-4668-BE54-9A1E7A4F7556}") = "ProyectoFotoCore3.Domain", "ProyectoFotoCore3.Domain.Model\ProyectoFotoCore3.Domain.csproj", "{D6A17E75-6283-4296-A3C4-F53B7862F16E}"
EndProject
Project("{9A19103F-16F7-4668-BE54-9A1E7A4F7556}") = "ProyectoFotoCore.Repository", "ProyectoFotoCore3.Repository\ProyectoFotoCore.Repository.csproj", "{CF4B7075-449C-41FB-A282-A17689BA53EF}"
EndProject
Project("{9A19103F-16F7-4668-BE54-9A1E7A4F7556}") = "ProyectoFotoCore3.Services", "ProyectoFotoCore3.Services\ProyectoFotoCore3.Services.csproj", "{BFB9E29C-EFAC-49A0-AAF9-BA2B73FFAE8B}"
EndProject
Project("{9A19103F-16F7-4668-BE54-9A1E7A4F7556}") = "Infraestructure.Utils", "Infraestructure.Utils\Infraestructure.Utils.csproj", "{F9682DB3-D4A5-4AA5-A296-23CD638271F1}"
EndProject
Project("{9A19103F-16F7-4668-BE54-9A1E7A4F7556}") = "ProyectoFotoCore3.CrossCutting.IoC", "Infraestructure.CrossCutting.IoC\ProyectoFotoCore3.CrossCutting.IoC.csproj", "{50960D36-C719-4D94-8BCD-01264904A048}"
EndProject
Project("{2150E333-8FDC-42A3-9474-1A3956D46DE8}") = "3.5 ServiceAgents", "3.5 ServiceAgents", "{023C26F0-27F2-4D18-B644-7A4F673087FB}"
EndProject
Project("{FAE04EC0-301F-11D3-BF4B-00C04F79EFBC}") = "ProyectoFotoCore3.ServiceAgents.AzureBlobStorage", "ProyectoFotoCore3.ServiceAgents.AzureBlobStorage\ProyectoFotoCore3.ServiceAgents.AzureBlobStorage.csproj", "{C93820E2-6C70-4365-B09D-9CFF26512E42}"
EndProject
Global
	GlobalSection(SolutionConfigurationPlatforms) = preSolution
		Debug|Any CPU = Debug|Any CPU
		Release|Any CPU = Release|Any CPU
	EndGlobalSection
	GlobalSection(ProjectConfigurationPlatforms) = postSolution
		{FC62DE1B-B9E5-4B8B-8E32-0A03A003D0D6}.Debug|Any CPU.ActiveCfg = Debug|Any CPU
		{FC62DE1B-B9E5-4B8B-8E32-0A03A003D0D6}.Debug|Any CPU.Build.0 = Debug|Any CPU
		{FC62DE1B-B9E5-4B8B-8E32-0A03A003D0D6}.Release|Any CPU.ActiveCfg = Release|Any CPU
		{FC62DE1B-B9E5-4B8B-8E32-0A03A003D0D6}.Release|Any CPU.Build.0 = Release|Any CPU
		{C9F5B623-D61B-46AC-935F-1FFB81BC7859}.Debug|Any CPU.ActiveCfg = Debug|Any CPU
		{C9F5B623-D61B-46AC-935F-1FFB81BC7859}.Debug|Any CPU.Build.0 = Debug|Any CPU
		{C9F5B623-D61B-46AC-935F-1FFB81BC7859}.Release|Any CPU.ActiveCfg = Release|Any CPU
		{C9F5B623-D61B-46AC-935F-1FFB81BC7859}.Release|Any CPU.Build.0 = Release|Any CPU
		{D6A17E75-6283-4296-A3C4-F53B7862F16E}.Debug|Any CPU.ActiveCfg = Debug|Any CPU
		{D6A17E75-6283-4296-A3C4-F53B7862F16E}.Debug|Any CPU.Build.0 = Debug|Any CPU
		{D6A17E75-6283-4296-A3C4-F53B7862F16E}.Release|Any CPU.ActiveCfg = Release|Any CPU
		{D6A17E75-6283-4296-A3C4-F53B7862F16E}.Release|Any CPU.Build.0 = Release|Any CPU
		{CF4B7075-449C-41FB-A282-A17689BA53EF}.Debug|Any CPU.ActiveCfg = Debug|Any CPU
		{CF4B7075-449C-41FB-A282-A17689BA53EF}.Debug|Any CPU.Build.0 = Debug|Any CPU
		{CF4B7075-449C-41FB-A282-A17689BA53EF}.Release|Any CPU.ActiveCfg = Release|Any CPU
		{CF4B7075-449C-41FB-A282-A17689BA53EF}.Release|Any CPU.Build.0 = Release|Any CPU
		{BFB9E29C-EFAC-49A0-AAF9-BA2B73FFAE8B}.Debug|Any CPU.ActiveCfg = Debug|Any CPU
		{BFB9E29C-EFAC-49A0-AAF9-BA2B73FFAE8B}.Debug|Any CPU.Build.0 = Debug|Any CPU
		{BFB9E29C-EFAC-49A0-AAF9-BA2B73FFAE8B}.Release|Any CPU.ActiveCfg = Release|Any CPU
		{BFB9E29C-EFAC-49A0-AAF9-BA2B73FFAE8B}.Release|Any CPU.Build.0 = Release|Any CPU
		{F9682DB3-D4A5-4AA5-A296-23CD638271F1}.Debug|Any CPU.ActiveCfg = Debug|Any CPU
		{F9682DB3-D4A5-4AA5-A296-23CD638271F1}.Debug|Any CPU.Build.0 = Debug|Any CPU
		{F9682DB3-D4A5-4AA5-A296-23CD638271F1}.Release|Any CPU.ActiveCfg = Release|Any CPU
		{F9682DB3-D4A5-4AA5-A296-23CD638271F1}.Release|Any CPU.Build.0 = Release|Any CPU
		{50960D36-C719-4D94-8BCD-01264904A048}.Debug|Any CPU.ActiveCfg = Debug|Any CPU
		{50960D36-C719-4D94-8BCD-01264904A048}.Debug|Any CPU.Build.0 = Debug|Any CPU
		{50960D36-C719-4D94-8BCD-01264904A048}.Release|Any CPU.ActiveCfg = Release|Any CPU
		{50960D36-C719-4D94-8BCD-01264904A048}.Release|Any CPU.Build.0 = Release|Any CPU
		{C93820E2-6C70-4365-B09D-9CFF26512E42}.Debug|Any CPU.ActiveCfg = Debug|Any CPU
		{C93820E2-6C70-4365-B09D-9CFF26512E42}.Debug|Any CPU.Build.0 = Debug|Any CPU
		{C93820E2-6C70-4365-B09D-9CFF26512E42}.Release|Any CPU.ActiveCfg = Release|Any CPU
		{C93820E2-6C70-4365-B09D-9CFF26512E42}.Release|Any CPU.Build.0 = Release|Any CPU
	EndGlobalSection
	GlobalSection(SolutionProperties) = preSolution
		HideSolutionNode = FALSE
	EndGlobalSection
	GlobalSection(NestedProjects) = preSolution
		{D23A8394-4C37-4E0E-80B0-AC5791A95FAD} = {D2B3FF35-2F43-44C8-BF18-AFD92840A411}
		{A7421B32-2493-41EA-9A14-D7CA45EB0545} = {D2B3FF35-2F43-44C8-BF18-AFD92840A411}
		{27A24648-6A43-4F3E-8F5B-3E07A908F3DB} = {D2B3FF35-2F43-44C8-BF18-AFD92840A411}
		{18460765-B45E-4928-9A68-8489803A833A} = {D2B3FF35-2F43-44C8-BF18-AFD92840A411}
		{FC62DE1B-B9E5-4B8B-8E32-0A03A003D0D6} = {FA48E20D-534E-4914-9F97-60600A8520E8}
		{C9F5B623-D61B-46AC-935F-1FFB81BC7859} = {A7421B32-2493-41EA-9A14-D7CA45EB0545}
		{D6A17E75-6283-4296-A3C4-F53B7862F16E} = {33CE9C84-4ED7-435B-A635-5D1A65FF31FF}
		{CF4B7075-449C-41FB-A282-A17689BA53EF} = {D23A8394-4C37-4E0E-80B0-AC5791A95FAD}
		{BFB9E29C-EFAC-49A0-AAF9-BA2B73FFAE8B} = {33CE9C84-4ED7-435B-A635-5D1A65FF31FF}
		{F9682DB3-D4A5-4AA5-A296-23CD638271F1} = {27A24648-6A43-4F3E-8F5B-3E07A908F3DB}
		{50960D36-C719-4D94-8BCD-01264904A048} = {18460765-B45E-4928-9A68-8489803A833A}
		{023C26F0-27F2-4D18-B644-7A4F673087FB} = {D2B3FF35-2F43-44C8-BF18-AFD92840A411}
		{C93820E2-6C70-4365-B09D-9CFF26512E42} = {023C26F0-27F2-4D18-B644-7A4F673087FB}
	EndGlobalSection
	GlobalSection(ExtensibilityGlobals) = postSolution
		SolutionGuid = {4B93DEA4-856E-415B-AA4E-2CA51EB1A9A8}
	EndGlobalSection
EndGlobal
